// !$*UTF8*$!
{
	archiveVersion = 1;
	classes = {
	};
	objectVersion = 50;
	objects = {

/* Begin PBXBuildFile section */
		DFE56A472418842D00CF41AA /* AppDelegate.swift in Sources */ = {isa = PBXBuildFile; fileRef = DFE56A462418842D00CF41AA /* AppDelegate.swift */; };
		DFE56A492418842D00CF41AA /* SceneDelegate.swift in Sources */ = {isa = PBXBuildFile; fileRef = DFE56A482418842D00CF41AA /* SceneDelegate.swift */; };
		DFE56A502418842D00CF41AA /* Main.storyboard in Resources */ = {isa = PBXBuildFile; fileRef = DFE56A4E2418842D00CF41AA /* Main.storyboard */; };
		DFE56A522418842E00CF41AA /* Assets.xcassets in Resources */ = {isa = PBXBuildFile; fileRef = DFE56A512418842E00CF41AA /* Assets.xcassets */; };
		DFE56A552418842E00CF41AA /* LaunchScreen.storyboard in Resources */ = {isa = PBXBuildFile; fileRef = DFE56A532418842E00CF41AA /* LaunchScreen.storyboard */; };
		DFE56A602418842E00CF41AA /* Guitar_PracticeTests.swift in Sources */ = {isa = PBXBuildFile; fileRef = DFE56A5F2418842E00CF41AA /* Guitar_PracticeTests.swift */; };
		DFE56A6B2418842E00CF41AA /* Guitar_PracticeUITests.swift in Sources */ = {isa = PBXBuildFile; fileRef = DFE56A6A2418842E00CF41AA /* Guitar_PracticeUITests.swift */; };
		DFE56A7B24188AD600CF41AA /* PracticeItemsTableViewController.swift in Sources */ = {isa = PBXBuildFile; fileRef = DFE56A7A24188AD600CF41AA /* PracticeItemsTableViewController.swift */; };
		DFE56A7D24188C4800CF41AA /* PracticeItemTableViewCell.swift in Sources */ = {isa = PBXBuildFile; fileRef = DFE56A7C24188C4800CF41AA /* PracticeItemTableViewCell.swift */; };
		DFEACD7224200EFB00568E5F /* PracticeItemViewController.swift in Sources */ = {isa = PBXBuildFile; fileRef = DFEACD7124200EFB00568E5F /* PracticeItemViewController.swift */; };
		DFEACD742420217E00568E5F /* PracticeItem.swift in Sources */ = {isa = PBXBuildFile; fileRef = DFEACD732420217E00568E5F /* PracticeItem.swift */; };
/* End PBXBuildFile section */

/* Begin PBXContainerItemProxy section */
		DFE56A5C2418842E00CF41AA /* PBXContainerItemProxy */ = {
			isa = PBXContainerItemProxy;
			containerPortal = DFE56A3B2418842D00CF41AA /* Project object */;
			proxyType = 1;
			remoteGlobalIDString = DFE56A422418842D00CF41AA;
			remoteInfo = "Guitar Practice";
		};
		DFE56A672418842E00CF41AA /* PBXContainerItemProxy */ = {
			isa = PBXContainerItemProxy;
			containerPortal = DFE56A3B2418842D00CF41AA /* Project object */;
			proxyType = 1;
			remoteGlobalIDString = DFE56A422418842D00CF41AA;
			remoteInfo = "Guitar Practice";
		};
/* End PBXContainerItemProxy section */

/* Begin PBXFileReference section */
		DFE56A432418842D00CF41AA /* Guitar Practice.app */ = {isa = PBXFileReference; explicitFileType = wrapper.application; includeInIndex = 0; path = "Guitar Practice.app"; sourceTree = BUILT_PRODUCTS_DIR; };
		DFE56A462418842D00CF41AA /* AppDelegate.swift */ = {isa = PBXFileReference; lastKnownFileType = sourcecode.swift; path = AppDelegate.swift; sourceTree = "<group>"; };
		DFE56A482418842D00CF41AA /* SceneDelegate.swift */ = {isa = PBXFileReference; lastKnownFileType = sourcecode.swift; path = SceneDelegate.swift; sourceTree = "<group>"; };
		DFE56A4F2418842D00CF41AA /* Base */ = {isa = PBXFileReference; lastKnownFileType = file.storyboard; name = Base; path = Base.lproj/Main.storyboard; sourceTree = "<group>"; };
		DFE56A512418842E00CF41AA /* Assets.xcassets */ = {isa = PBXFileReference; lastKnownFileType = folder.assetcatalog; path = Assets.xcassets; sourceTree = "<group>"; };
		DFE56A542418842E00CF41AA /* Base */ = {isa = PBXFileReference; lastKnownFileType = file.storyboard; name = Base; path = Base.lproj/LaunchScreen.storyboard; sourceTree = "<group>"; };
		DFE56A562418842E00CF41AA /* Info.plist */ = {isa = PBXFileReference; lastKnownFileType = text.plist.xml; path = Info.plist; sourceTree = "<group>"; };
		DFE56A5B2418842E00CF41AA /* Guitar PracticeTests.xctest */ = {isa = PBXFileReference; explicitFileType = wrapper.cfbundle; includeInIndex = 0; path = "Guitar PracticeTests.xctest"; sourceTree = BUILT_PRODUCTS_DIR; };
		DFE56A5F2418842E00CF41AA /* Guitar_PracticeTests.swift */ = {isa = PBXFileReference; lastKnownFileType = sourcecode.swift; path = Guitar_PracticeTests.swift; sourceTree = "<group>"; };
		DFE56A612418842E00CF41AA /* Info.plist */ = {isa = PBXFileReference; lastKnownFileType = text.plist.xml; path = Info.plist; sourceTree = "<group>"; };
		DFE56A662418842E00CF41AA /* Guitar PracticeUITests.xctest */ = {isa = PBXFileReference; explicitFileType = wrapper.cfbundle; includeInIndex = 0; path = "Guitar PracticeUITests.xctest"; sourceTree = BUILT_PRODUCTS_DIR; };
		DFE56A6A2418842E00CF41AA /* Guitar_PracticeUITests.swift */ = {isa = PBXFileReference; lastKnownFileType = sourcecode.swift; path = Guitar_PracticeUITests.swift; sourceTree = "<group>"; };
		DFE56A6C2418842E00CF41AA /* Info.plist */ = {isa = PBXFileReference; lastKnownFileType = text.plist.xml; path = Info.plist; sourceTree = "<group>"; };
		DFE56A7A24188AD600CF41AA /* PracticeItemsTableViewController.swift */ = {isa = PBXFileReference; lastKnownFileType = sourcecode.swift; path = PracticeItemsTableViewController.swift; sourceTree = "<group>"; };
		DFE56A7C24188C4800CF41AA /* PracticeItemTableViewCell.swift */ = {isa = PBXFileReference; lastKnownFileType = sourcecode.swift; path = PracticeItemTableViewCell.swift; sourceTree = "<group>"; };
		DFEACD7124200EFB00568E5F /* PracticeItemViewController.swift */ = {isa = PBXFileReference; lastKnownFileType = sourcecode.swift; path = PracticeItemViewController.swift; sourceTree = "<group>"; };
		DFEACD732420217E00568E5F /* PracticeItem.swift */ = {isa = PBXFileReference; lastKnownFileType = sourcecode.swift; path = PracticeItem.swift; sourceTree = "<group>"; };
/* End PBXFileReference section */

/* Begin PBXFrameworksBuildPhase section */
		DFE56A402418842D00CF41AA /* Frameworks */ = {
			isa = PBXFrameworksBuildPhase;
			buildActionMask = 2147483647;
			files = (
			);
			runOnlyForDeploymentPostprocessing = 0;
		};
		DFE56A582418842E00CF41AA /* Frameworks */ = {
			isa = PBXFrameworksBuildPhase;
			buildActionMask = 2147483647;
			files = (
			);
			runOnlyForDeploymentPostprocessing = 0;
		};
		DFE56A632418842E00CF41AA /* Frameworks */ = {
			isa = PBXFrameworksBuildPhase;
			buildActionMask = 2147483647;
			files = (
			);
			runOnlyForDeploymentPostprocessing = 0;
		};
/* End PBXFrameworksBuildPhase section */

/* Begin PBXGroup section */
		DFE56A3A2418842D00CF41AA = {
			isa = PBXGroup;
			children = (
				DFE56A452418842D00CF41AA /* Guitar Practice */,
				DFE56A5E2418842E00CF41AA /* Guitar PracticeTests */,
				DFE56A692418842E00CF41AA /* Guitar PracticeUITests */,
				DFE56A442418842D00CF41AA /* Products */,
			);
			sourceTree = "<group>";
		};
		DFE56A442418842D00CF41AA /* Products */ = {
			isa = PBXGroup;
			children = (
				DFE56A432418842D00CF41AA /* Guitar Practice.app */,
				DFE56A5B2418842E00CF41AA /* Guitar PracticeTests.xctest */,
				DFE56A662418842E00CF41AA /* Guitar PracticeUITests.xctest */,
			);
			name = Products;
			sourceTree = "<group>";
		};
		DFE56A452418842D00CF41AA /* Guitar Practice */ = {
			isa = PBXGroup;
			children = (
				DFE56A462418842D00CF41AA /* AppDelegate.swift */,
				DFE56A482418842D00CF41AA /* SceneDelegate.swift */,
				DFEACD732420217E00568E5F /* PracticeItem.swift */,
				DFE56A7A24188AD600CF41AA /* PracticeItemsTableViewController.swift */,
				DFE56A7C24188C4800CF41AA /* PracticeItemTableViewCell.swift */,
				DFEACD7124200EFB00568E5F /* PracticeItemViewController.swift */,
				DFE56A4E2418842D00CF41AA /* Main.storyboard */,
				DFE56A512418842E00CF41AA /* Assets.xcassets */,
				DFE56A532418842E00CF41AA /* LaunchScreen.storyboard */,
				DFE56A562418842E00CF41AA /* Info.plist */,
			);
			path = "Guitar Practice";
			sourceTree = "<group>";
		};
		DFE56A5E2418842E00CF41AA /* Guitar PracticeTests */ = {
			isa = PBXGroup;
			children = (
				DFE56A5F2418842E00CF41AA /* Guitar_PracticeTests.swift */,
				DFE56A612418842E00CF41AA /* Info.plist */,
			);
			path = "Guitar PracticeTests";
			sourceTree = "<group>";
		};
		DFE56A692418842E00CF41AA /* Guitar PracticeUITests */ = {
			isa = PBXGroup;
			children = (
				DFE56A6A2418842E00CF41AA /* Guitar_PracticeUITests.swift */,
				DFE56A6C2418842E00CF41AA /* Info.plist */,
			);
			path = "Guitar PracticeUITests";
			sourceTree = "<group>";
		};
/* End PBXGroup section */

/* Begin PBXNativeTarget section */
		DFE56A422418842D00CF41AA /* Guitar Practice */ = {
			isa = PBXNativeTarget;
			buildConfigurationList = DFE56A6F2418842E00CF41AA /* Build configuration list for PBXNativeTarget "Guitar Practice" */;
			buildPhases = (
				DFE56A3F2418842D00CF41AA /* Sources */,
				DFE56A402418842D00CF41AA /* Frameworks */,
				DFE56A412418842D00CF41AA /* Resources */,
			);
			buildRules = (
			);
			dependencies = (
			);
			name = "Guitar Practice";
			productName = "Guitar Practice";
			productReference = DFE56A432418842D00CF41AA /* Guitar Practice.app */;
			productType = "com.apple.product-type.application";
		};
		DFE56A5A2418842E00CF41AA /* Guitar PracticeTests */ = {
			isa = PBXNativeTarget;
			buildConfigurationList = DFE56A722418842E00CF41AA /* Build configuration list for PBXNativeTarget "Guitar PracticeTests" */;
			buildPhases = (
				DFE56A572418842E00CF41AA /* Sources */,
				DFE56A582418842E00CF41AA /* Frameworks */,
				DFE56A592418842E00CF41AA /* Resources */,
			);
			buildRules = (
			);
			dependencies = (
				DFE56A5D2418842E00CF41AA /* PBXTargetDependency */,
			);
			name = "Guitar PracticeTests";
			productName = "Guitar PracticeTests";
			productReference = DFE56A5B2418842E00CF41AA /* Guitar PracticeTests.xctest */;
			productType = "com.apple.product-type.bundle.unit-test";
		};
		DFE56A652418842E00CF41AA /* Guitar PracticeUITests */ = {
			isa = PBXNativeTarget;
			buildConfigurationList = DFE56A752418842E00CF41AA /* Build configuration list for PBXNativeTarget "Guitar PracticeUITests" */;
			buildPhases = (
				DFE56A622418842E00CF41AA /* Sources */,
				DFE56A632418842E00CF41AA /* Frameworks */,
				DFE56A642418842E00CF41AA /* Resources */,
			);
			buildRules = (
			);
			dependencies = (
				DFE56A682418842E00CF41AA /* PBXTargetDependency */,
			);
			name = "Guitar PracticeUITests";
			productName = "Guitar PracticeUITests";
			productReference = DFE56A662418842E00CF41AA /* Guitar PracticeUITests.xctest */;
			productType = "com.apple.product-type.bundle.ui-testing";
		};
/* End PBXNativeTarget section */

/* Begin PBXProject section */
		DFE56A3B2418842D00CF41AA /* Project object */ = {
			isa = PBXProject;
			attributes = {
				LastSwiftUpdateCheck = 1130;
				LastUpgradeCheck = 1130;
				ORGANIZATIONNAME = "Eric Jameson";
				TargetAttributes = {
					DFE56A422418842D00CF41AA = {
						CreatedOnToolsVersion = 11.3.1;
					};
					DFE56A5A2418842E00CF41AA = {
						CreatedOnToolsVersion = 11.3.1;
						TestTargetID = DFE56A422418842D00CF41AA;
					};
					DFE56A652418842E00CF41AA = {
						CreatedOnToolsVersion = 11.3.1;
						TestTargetID = DFE56A422418842D00CF41AA;
					};
				};
			};
			buildConfigurationList = DFE56A3E2418842D00CF41AA /* Build configuration list for PBXProject "Guitar Practice" */;
			compatibilityVersion = "Xcode 9.3";
			developmentRegion = en;
			hasScannedForEncodings = 0;
			knownRegions = (
				en,
				Base,
			);
			mainGroup = DFE56A3A2418842D00CF41AA;
			productRefGroup = DFE56A442418842D00CF41AA /* Products */;
			projectDirPath = "";
			projectRoot = "";
			targets = (
				DFE56A422418842D00CF41AA /* Guitar Practice */,
				DFE56A5A2418842E00CF41AA /* Guitar PracticeTests */,
				DFE56A652418842E00CF41AA /* Guitar PracticeUITests */,
			);
		};
/* End PBXProject section */

/* Begin PBXResourcesBuildPhase section */
		DFE56A412418842D00CF41AA /* Resources */ = {
			isa = PBXResourcesBuildPhase;
			buildActionMask = 2147483647;
			files = (
				DFE56A552418842E00CF41AA /* LaunchScreen.storyboard in Resources */,
				DFE56A522418842E00CF41AA /* Assets.xcassets in Resources */,
				DFE56A502418842D00CF41AA /* Main.storyboard in Resources */,
			);
			runOnlyForDeploymentPostprocessing = 0;
		};
		DFE56A592418842E00CF41AA /* Resources */ = {
			isa = PBXResourcesBuildPhase;
			buildActionMask = 2147483647;
			files = (
			);
			runOnlyForDeploymentPostprocessing = 0;
		};
		DFE56A642418842E00CF41AA /* Resources */ = {
			isa = PBXResourcesBuildPhase;
			buildActionMask = 2147483647;
			files = (
			);
			runOnlyForDeploymentPostprocessing = 0;
		};
/* End PBXResourcesBuildPhase section */

/* Begin PBXSourcesBuildPhase section */
		DFE56A3F2418842D00CF41AA /* Sources */ = {
			isa = PBXSourcesBuildPhase;
			buildActionMask = 2147483647;
			files = (
				DFE56A7D24188C4800CF41AA /* PracticeItemTableViewCell.swift in Sources */,
				DFE56A7B24188AD600CF41AA /* PracticeItemsTableViewController.swift in Sources */,
				DFE56A472418842D00CF41AA /* AppDelegate.swift in Sources */,
				DFE56A492418842D00CF41AA /* SceneDelegate.swift in Sources */,
				DFEACD7224200EFB00568E5F /* PracticeItemViewController.swift in Sources */,
				DFEACD742420217E00568E5F /* PracticeItem.swift in Sources */,
			);
			runOnlyForDeploymentPostprocessing = 0;
		};
		DFE56A572418842E00CF41AA /* Sources */ = {
			isa = PBXSourcesBuildPhase;
			buildActionMask = 2147483647;
			files = (
				DFE56A602418842E00CF41AA /* Guitar_PracticeTests.swift in Sources */,
			);
			runOnlyForDeploymentPostprocessing = 0;
		};
		DFE56A622418842E00CF41AA /* Sources */ = {
			isa = PBXSourcesBuildPhase;
			buildActionMask = 2147483647;
			files = (
				DFE56A6B2418842E00CF41AA /* Guitar_PracticeUITests.swift in Sources */,
			);
			runOnlyForDeploymentPostprocessing = 0;
		};
/* End PBXSourcesBuildPhase section */

/* Begin PBXTargetDependency section */
		DFE56A5D2418842E00CF41AA /* PBXTargetDependency */ = {
			isa = PBXTargetDependency;
			target = DFE56A422418842D00CF41AA /* Guitar Practice */;
			targetProxy = DFE56A5C2418842E00CF41AA /* PBXContainerItemProxy */;
		};
		DFE56A682418842E00CF41AA /* PBXTargetDependency */ = {
			isa = PBXTargetDependency;
			target = DFE56A422418842D00CF41AA /* Guitar Practice */;
			targetProxy = DFE56A672418842E00CF41AA /* PBXContainerItemProxy */;
		};
/* End PBXTargetDependency section */

/* Begin PBXVariantGroup section */
		DFE56A4E2418842D00CF41AA /* Main.storyboard */ = {
			isa = PBXVariantGroup;
			children = (
				DFE56A4F2418842D00CF41AA /* Base */,
			);
			name = Main.storyboard;
			sourceTree = "<group>";
		};
		DFE56A532418842E00CF41AA /* LaunchScreen.storyboard */ = {
			isa = PBXVariantGroup;
			children = (
				DFE56A542418842E00CF41AA /* Base */,
			);
			name = LaunchScreen.storyboard;
			sourceTree = "<group>";
		};
/* End PBXVariantGroup section */

/* Begin XCBuildConfiguration section */
		DFE56A6D2418842E00CF41AA /* Debug */ = {
			isa = XCBuildConfiguration;
			buildSettings = {
				ALWAYS_SEARCH_USER_PATHS = NO;
				CLANG_ANALYZER_NONNULL = YES;
				CLANG_ANALYZER_NUMBER_OBJECT_CONVERSION = YES_AGGRESSIVE;
				CLANG_CXX_LANGUAGE_STANDARD = "gnu++14";
				CLANG_CXX_LIBRARY = "libc++";
				CLANG_ENABLE_MODULES = YES;
				CLANG_ENABLE_OBJC_ARC = YES;
				CLANG_ENABLE_OBJC_WEAK = YES;
				CLANG_WARN_BLOCK_CAPTURE_AUTORELEASING = YES;
				CLANG_WARN_BOOL_CONVERSION = YES;
				CLANG_WARN_COMMA = YES;
				CLANG_WARN_CONSTANT_CONVERSION = YES;
				CLANG_WARN_DEPRECATED_OBJC_IMPLEMENTATIONS = YES;
				CLANG_WARN_DIRECT_OBJC_ISA_USAGE = YES_ERROR;
				CLANG_WARN_DOCUMENTATION_COMMENTS = YES;
				CLANG_WARN_EMPTY_BODY = YES;
				CLANG_WARN_ENUM_CONVERSION = YES;
				CLANG_WARN_INFINITE_RECURSION = YES;
				CLANG_WARN_INT_CONVERSION = YES;
				CLANG_WARN_NON_LITERAL_NULL_CONVERSION = YES;
				CLANG_WARN_OBJC_IMPLICIT_RETAIN_SELF = YES;
				CLANG_WARN_OBJC_LITERAL_CONVERSION = YES;
				CLANG_WARN_OBJC_ROOT_CLASS = YES_ERROR;
				CLANG_WARN_RANGE_LOOP_ANALYSIS = YES;
				CLANG_WARN_STRICT_PROTOTYPES = YES;
				CLANG_WARN_SUSPICIOUS_MOVE = YES;
				CLANG_WARN_UNGUARDED_AVAILABILITY = YES_AGGRESSIVE;
				CLANG_WARN_UNREACHABLE_CODE = YES;
				CLANG_WARN__DUPLICATE_METHOD_MATCH = YES;
				COPY_PHASE_STRIP = NO;
				DEBUG_INFORMATION_FORMAT = dwarf;
				ENABLE_STRICT_OBJC_MSGSEND = YES;
				ENABLE_TESTABILITY = YES;
				GCC_C_LANGUAGE_STANDARD = gnu11;
				GCC_DYNAMIC_NO_PIC = NO;
				GCC_NO_COMMON_BLOCKS = YES;
				GCC_OPTIMIZATION_LEVEL = 0;
				GCC_PREPROCESSOR_DEFINITIONS = (
					"DEBUG=1",
					"$(inherited)",
				);
				GCC_WARN_64_TO_32_BIT_CONVERSION = YES;
				GCC_WARN_ABOUT_RETURN_TYPE = YES_ERROR;
				GCC_WARN_UNDECLARED_SELECTOR = YES;
				GCC_WARN_UNINITIALIZED_AUTOS = YES_AGGRESSIVE;
				GCC_WARN_UNUSED_FUNCTION = YES;
				GCC_WARN_UNUSED_VARIABLE = YES;
				IPHONEOS_DEPLOYMENT_TARGET = 13.2;
				MTL_ENABLE_DEBUG_INFO = INCLUDE_SOURCE;
				MTL_FAST_MATH = YES;
				ONLY_ACTIVE_ARCH = YES;
				SDKROOT = iphoneos;
				SWIFT_ACTIVE_COMPILATION_CONDITIONS = DEBUG;
				SWIFT_OPTIMIZATION_LEVEL = "-Onone";
			};
			name = Debug;
		};
		DFE56A6E2418842E00CF41AA /* Release */ = {
			isa = XCBuildConfiguration;
			buildSettings = {
				ALWAYS_SEARCH_USER_PATHS = NO;
				CLANG_ANALYZER_NONNULL = YES;
				CLANG_ANALYZER_NUMBER_OBJECT_CONVERSION = YES_AGGRESSIVE;
				CLANG_CXX_LANGUAGE_STANDARD = "gnu++14";
				CLANG_CXX_LIBRARY = "libc++";
				CLANG_ENABLE_MODULES = YES;
				CLANG_ENABLE_OBJC_ARC = YES;
				CLANG_ENABLE_OBJC_WEAK = YES;
				CLANG_WARN_BLOCK_CAPTURE_AUTORELEASING = YES;
				CLANG_WARN_BOOL_CONVERSION = YES;
				CLANG_WARN_COMMA = YES;
				CLANG_WARN_CONSTANT_CONVERSION = YES;
				CLANG_WARN_DEPRECATED_OBJC_IMPLEMENTATIONS = YES;
				CLANG_WARN_DIRECT_OBJC_ISA_USAGE = YES_ERROR;
				CLANG_WARN_DOCUMENTATION_COMMENTS = YES;
				CLANG_WARN_EMPTY_BODY = YES;
				CLANG_WARN_ENUM_CONVERSION = YES;
				CLANG_WARN_INFINITE_RECURSION = YES;
				CLANG_WARN_INT_CONVERSION = YES;
				CLANG_WARN_NON_LITERAL_NULL_CONVERSION = YES;
				CLANG_WARN_OBJC_IMPLICIT_RETAIN_SELF = YES;
				CLANG_WARN_OBJC_LITERAL_CONVERSION = YES;
				CLANG_WARN_OBJC_ROOT_CLASS = YES_ERROR;
				CLANG_WARN_RANGE_LOOP_ANALYSIS = YES;
				CLANG_WARN_STRICT_PROTOTYPES = YES;
				CLANG_WARN_SUSPICIOUS_MOVE = YES;
				CLANG_WARN_UNGUARDED_AVAILABILITY = YES_AGGRESSIVE;
				CLANG_WARN_UNREACHABLE_CODE = YES;
				CLANG_WARN__DUPLICATE_METHOD_MATCH = YES;
				COPY_PHASE_STRIP = NO;
				DEBUG_INFORMATION_FORMAT = "dwarf-with-dsym";
				ENABLE_NS_ASSERTIONS = NO;
				ENABLE_STRICT_OBJC_MSGSEND = YES;
				GCC_C_LANGUAGE_STANDARD = gnu11;
				GCC_NO_COMMON_BLOCKS = YES;
				GCC_WARN_64_TO_32_BIT_CONVERSION = YES;
				GCC_WARN_ABOUT_RETURN_TYPE = YES_ERROR;
				GCC_WARN_UNDECLARED_SELECTOR = YES;
				GCC_WARN_UNINITIALIZED_AUTOS = YES_AGGRESSIVE;
				GCC_WARN_UNUSED_FUNCTION = YES;
				GCC_WARN_UNUSED_VARIABLE = YES;
				IPHONEOS_DEPLOYMENT_TARGET = 13.2;
				MTL_ENABLE_DEBUG_INFO = NO;
				MTL_FAST_MATH = YES;
				SDKROOT = iphoneos;
				SWIFT_COMPILATION_MODE = wholemodule;
				SWIFT_OPTIMIZATION_LEVEL = "-O";
				VALIDATE_PRODUCT = YES;
			};
			name = Release;
		};
		DFE56A702418842E00CF41AA /* Debug */ = {
			isa = XCBuildConfiguration;
			buildSettings = {
				ASSETCATALOG_COMPILER_APPICON_NAME = AppIcon;
				CODE_SIGN_STYLE = Automatic;
				DEVELOPMENT_TEAM = TPU288X53N;
				INFOPLIST_FILE = "Guitar Practice/Info.plist";
				LD_RUNPATH_SEARCH_PATHS = (
					"$(inherited)",
					"@executable_path/Frameworks",
				);
				PRODUCT_BUNDLE_IDENTIFIER = "milo.Guitar-Practice";
				PRODUCT_NAME = "$(TARGET_NAME)";
				SWIFT_VERSION = 5.0;
				TARGETED_DEVICE_FAMILY = "1,2";
			};
			name = Debug;
		};
		DFE56A712418842E00CF41AA /* Release */ = {
			isa = XCBuildConfiguration;
			buildSettings = {
				ASSETCATALOG_COMPILER_APPICON_NAME = AppIcon;
				CODE_SIGN_STYLE = Automatic;
				DEVELOPMENT_TEAM = TPU288X53N;
				INFOPLIST_FILE = "Guitar Practice/Info.plist";
				LD_RUNPATH_SEARCH_PATHS = (
					"$(inherited)",
					"@executable_path/Frameworks",
				);
				PRODUCT_BUNDLE_IDENTIFIER = "milo.Guitar-Practice";
				PRODUCT_NAME = "$(TARGET_NAME)";
				SWIFT_VERSION = 5.0;
				TARGETED_DEVICE_FAMILY = "1,2";
			};
			name = Release;
		};
		DFE56A732418842E00CF41AA /* Debug */ = {
			isa = XCBuildConfiguration;
			buildSettings = {
				ALWAYS_EMBED_SWIFT_STANDARD_LIBRARIES = YES;
				BUNDLE_LOADER = "$(TEST_HOST)";
				CODE_SIGN_STYLE = Automatic;
				DEVELOPMENT_TEAM = TPU288X53N;
				INFOPLIST_FILE = "Guitar PracticeTests/Info.plist";
				IPHONEOS_DEPLOYMENT_TARGET = 13.2;
				LD_RUNPATH_SEARCH_PATHS = (
					"$(inherited)",
					"@executable_path/Frameworks",
					"@loader_path/Frameworks",
				);
				PRODUCT_BUNDLE_IDENTIFIER = "milo.Guitar-PracticeTests";
				PRODUCT_NAME = "$(TARGET_NAME)";
				SWIFT_VERSION = 5.0;
				TARGETED_DEVICE_FAMILY = "1,2";
				TEST_HOST = "$(BUILT_PRODUCTS_DIR)/Guitar Practice.app/Guitar Practice";
			};
			name = Debug;
		};
		DFE56A742418842E00CF41AA /* Release */ = {
			isa = XCBuildConfiguration;
			buildSettings = {
				ALWAYS_EMBED_SWIFT_STANDARD_LIBRARIES = YES;
				BUNDLE_LOADER = "$(TEST_HOST)";
				CODE_SIGN_STYLE = Automatic;
				DEVELOPMENT_TEAM = TPU288X53N;
				INFOPLIST_FILE = "Guitar PracticeTests/Info.plist";
				IPHONEOS_DEPLOYMENT_TARGET = 13.2;
				LD_RUNPATH_SEARCH_PATHS = (
					"$(inherited)",
					"@executable_path/Frameworks",
					"@loader_path/Frameworks",
				);
				PRODUCT_BUNDLE_IDENTIFIER = "milo.Guitar-PracticeTests";
				PRODUCT_NAME = "$(TARGET_NAME)";
				SWIFT_VERSION = 5.0;
				TARGETED_DEVICE_FAMILY = "1,2";
				TEST_HOST = "$(BUILT_PRODUCTS_DIR)/Guitar Practice.app/Guitar Practice";
			};
			name = Release;
		};
		DFE56A762418842E00CF41AA /* Debug */ = {
			isa = XCBuildConfiguration;
			buildSettings = {
				ALWAYS_EMBED_SWIFT_STANDARD_LIBRARIES = YES;
				CODE_SIGN_STYLE = Automatic;
				DEVELOPMENT_TEAM = TPU288X53N;
				INFOPLIST_FILE = "Guitar PracticeUITests/Info.plist";
				LD_RUNPATH_SEARCH_PATHS = (
					"$(inherited)",
					"@executable_path/Frameworks",
					"@loader_path/Frameworks",
				);
				PRODUCT_BUNDLE_IDENTIFIER = "milo.Guitar-PracticeUITests";
				PRODUCT_NAME = "$(TARGET_NAME)";
				SWIFT_VERSION = 5.0;
				TARGETED_DEVICE_FAMILY = "1,2";
				TEST_TARGET_NAME = "Guitar Practice";
			};
			name = Debug;
		};
		DFE56A772418842E00CF41AA /* Release */ = {
			isa = XCBuildConfiguration;
			buildSettings = {
				ALWAYS_EMBED_SWIFT_STANDARD_LIBRARIES = YES;
				CODE_SIGN_STYLE = Automatic;
				DEVELOPMENT_TEAM = TPU288X53N;
				INFOPLIST_FILE = "Guitar PracticeUITests/Info.plist";
				LD_RUNPATH_SEARCH_PATHS = (
					"$(inherited)",
					"@executable_path/Frameworks",
					"@loader_path/Frameworks",
				);
				PRODUCT_BUNDLE_IDENTIFIER = "milo.Guitar-PracticeUITests";
				PRODUCT_NAME = "$(TARGET_NAME)";
				SWIFT_VERSION = 5.0;
				TARGETED_DEVICE_FAMILY = "1,2";
				TEST_TARGET_NAME = "Guitar Practice";
			};
			name = Release;
		};
/* End XCBuildConfiguration section */

/* Begin XCConfigurationList section */
		DFE56A3E2418842D00CF41AA /* Build configuration list for PBXProject "Guitar Practice" */ = {
			isa = XCConfigurationList;
			buildConfigurations = (
				DFE56A6D2418842E00CF41AA /* Debug */,
				DFE56A6E2418842E00CF41AA /* Release */,
			);
			defaultConfigurationIsVisible = 0;
			defaultConfigurationName = Release;
		};
		DFE56A6F2418842E00CF41AA /* Build configuration list for PBXNativeTarget "Guitar Practice" */ = {
			isa = XCConfigurationList;
			buildConfigurations = (
				DFE56A702418842E00CF41AA /* Debug */,
				DFE56A712418842E00CF41AA /* Release */,
			);
			defaultConfigurationIsVisible = 0;
			defaultConfigurationName = Release;
		};
		DFE56A722418842E00CF41AA /* Build configuration list for PBXNativeTarget "Guitar PracticeTests" */ = {
			isa = XCConfigurationList;
			buildConfigurations = (
				DFE56A732418842E00CF41AA /* Debug */,
				DFE56A742418842E00CF41AA /* Release */,
			);
			defaultConfigurationIsVisible = 0;
			defaultConfigurationName = Release;
		};
		DFE56A752418842E00CF41AA /* Build configuration list for PBXNativeTarget "Guitar PracticeUITests" */ = {
			isa = XCConfigurationList;
			buildConfigurations = (
				DFE56A762418842E00CF41AA /* Debug */,
				DFE56A772418842E00CF41AA /* Release */,
			);
			defaultConfigurationIsVisible = 0;
			defaultConfigurationName = Release;
		};
/* End XCConfigurationList section */
	};
	rootObject = DFE56A3B2418842D00CF41AA /* Project object */;
}
